// !$*UTF8*$!
{
	archiveVersion = 1;
	classes = {
	};
	objectVersion = 51;
	objects = {

/* Begin PBXBuildFile section */
		83152E03251283AC00B368CF /* Models.swift in Sources */ = {isa = PBXBuildFile; fileRef = 83152E02251283AC00B368CF /* Models.swift */; };
		83152E052512C35B00B368CF /* DataViewController.swift in Sources */ = {isa = PBXBuildFile; fileRef = 83152E042512C35B00B368CF /* DataViewController.swift */; };
		8340B49C250F086400815C77 /* AppDelegate.swift in Sources */ = {isa = PBXBuildFile; fileRef = 8340B49B250F086400815C77 /* AppDelegate.swift */; };
		8340B49E250F086400815C77 /* SceneDelegate.swift in Sources */ = {isa = PBXBuildFile; fileRef = 8340B49D250F086400815C77 /* SceneDelegate.swift */; };
		8340B4A0250F086400815C77 /* ViewController.swift in Sources */ = {isa = PBXBuildFile; fileRef = 8340B49F250F086400815C77 /* ViewController.swift */; };
		8340B4A3250F086400815C77 /* Main.storyboard in Resources */ = {isa = PBXBuildFile; fileRef = 8340B4A1250F086400815C77 /* Main.storyboard */; };
		8340B4A5250F086800815C77 /* Assets.xcassets in Resources */ = {isa = PBXBuildFile; fileRef = 8340B4A4250F086800815C77 /* Assets.xcassets */; };
		8340B4A8250F086800815C77 /* LaunchScreen.storyboard in Resources */ = {isa = PBXBuildFile; fileRef = 8340B4A6250F086800815C77 /* LaunchScreen.storyboard */; };
		8340B4B0250F112500815C77 /* LoginViewController.swift in Sources */ = {isa = PBXBuildFile; fileRef = 8340B4AF250F112500815C77 /* LoginViewController.swift */; };
		8340B4B2250F113700815C77 /* RegisterViewController.swift in Sources */ = {isa = PBXBuildFile; fileRef = 8340B4B1250F113700815C77 /* RegisterViewController.swift */; };
		8340B4B6250F13F100815C77 /* GoogleService-Info.plist in Resources */ = {isa = PBXBuildFile; fileRef = 8340B4B5250F13F100815C77 /* GoogleService-Info.plist */; };
		8340B4B825107B9600815C77 /* HistoryViewController.swift in Sources */ = {isa = PBXBuildFile; fileRef = 8340B4B725107B9600815C77 /* HistoryViewController.swift */; };
		D9D1215C308804280E404166 /* Pods_Route_Tracking.framework in Frameworks */ = {isa = PBXBuildFile; fileRef = 029DBA2337D5DFF048DC06C4 /* Pods_Route_Tracking.framework */; };
/* End PBXBuildFile section */

/* Begin PBXFileReference section */
		029DBA2337D5DFF048DC06C4 /* Pods_Route_Tracking.framework */ = {isa = PBXFileReference; explicitFileType = wrapper.framework; includeInIndex = 0; path = Pods_Route_Tracking.framework; sourceTree = BUILT_PRODUCTS_DIR; };
		2E2B5409A9B4BFF66EFD6EFC /* Pods-Route-Tracking.debug.xcconfig */ = {isa = PBXFileReference; includeInIndex = 1; lastKnownFileType = text.xcconfig; name = "Pods-Route-Tracking.debug.xcconfig"; path = "Target Support Files/Pods-Route-Tracking/Pods-Route-Tracking.debug.xcconfig"; sourceTree = "<group>"; };
		343546E6BFFC26232122AB77 /* Pods-Route-Tracking.release.xcconfig */ = {isa = PBXFileReference; includeInIndex = 1; lastKnownFileType = text.xcconfig; name = "Pods-Route-Tracking.release.xcconfig"; path = "Target Support Files/Pods-Route-Tracking/Pods-Route-Tracking.release.xcconfig"; sourceTree = "<group>"; };
		83152E02251283AC00B368CF /* Models.swift */ = {isa = PBXFileReference; lastKnownFileType = sourcecode.swift; path = Models.swift; sourceTree = "<group>"; };
		83152E042512C35B00B368CF /* DataViewController.swift */ = {isa = PBXFileReference; lastKnownFileType = sourcecode.swift; path = DataViewController.swift; sourceTree = "<group>"; };
		8340B498250F086400815C77 /* Route-Tracking.app */ = {isa = PBXFileReference; explicitFileType = wrapper.application; includeInIndex = 0; path = "Route-Tracking.app"; sourceTree = BUILT_PRODUCTS_DIR; };
		8340B49B250F086400815C77 /* AppDelegate.swift */ = {isa = PBXFileReference; lastKnownFileType = sourcecode.swift; path = AppDelegate.swift; sourceTree = "<group>"; };
		8340B49D250F086400815C77 /* SceneDelegate.swift */ = {isa = PBXFileReference; lastKnownFileType = sourcecode.swift; path = SceneDelegate.swift; sourceTree = "<group>"; };
		8340B49F250F086400815C77 /* ViewController.swift */ = {isa = PBXFileReference; lastKnownFileType = sourcecode.swift; path = ViewController.swift; sourceTree = "<group>"; };
		8340B4A2250F086400815C77 /* Base */ = {isa = PBXFileReference; lastKnownFileType = file.storyboard; name = Base; path = Base.lproj/Main.storyboard; sourceTree = "<group>"; };
		8340B4A4250F086800815C77 /* Assets.xcassets */ = {isa = PBXFileReference; lastKnownFileType = folder.assetcatalog; path = Assets.xcassets; sourceTree = "<group>"; };
		8340B4A7250F086800815C77 /* Base */ = {isa = PBXFileReference; lastKnownFileType = file.storyboard; name = Base; path = Base.lproj/LaunchScreen.storyboard; sourceTree = "<group>"; };
		8340B4A9250F086800815C77 /* Info.plist */ = {isa = PBXFileReference; lastKnownFileType = text.plist.xml; path = Info.plist; sourceTree = "<group>"; };
		8340B4AF250F112500815C77 /* LoginViewController.swift */ = {isa = PBXFileReference; lastKnownFileType = sourcecode.swift; path = LoginViewController.swift; sourceTree = "<group>"; };
		8340B4B1250F113700815C77 /* RegisterViewController.swift */ = {isa = PBXFileReference; lastKnownFileType = sourcecode.swift; path = RegisterViewController.swift; sourceTree = "<group>"; };
		8340B4B5250F13F100815C77 /* GoogleService-Info.plist */ = {isa = PBXFileReference; fileEncoding = 4; lastKnownFileType = text.plist.xml; path = "GoogleService-Info.plist"; sourceTree = "<group>"; };
		8340B4B725107B9600815C77 /* HistoryViewController.swift */ = {isa = PBXFileReference; lastKnownFileType = sourcecode.swift; path = HistoryViewController.swift; sourceTree = "<group>"; };
/* End PBXFileReference section */

/* Begin PBXFrameworksBuildPhase section */
		8340B495250F086400815C77 /* Frameworks */ = {
			isa = PBXFrameworksBuildPhase;
			buildActionMask = 2147483647;
			files = (
				D9D1215C308804280E404166 /* Pods_Route_Tracking.framework in Frameworks */,
			);
			runOnlyForDeploymentPostprocessing = 0;
		};
/* End PBXFrameworksBuildPhase section */

/* Begin PBXGroup section */
		83152E062512D1FA00B368CF /* Authentication */ = {
			isa = PBXGroup;
			children = (
				8340B4AF250F112500815C77 /* LoginViewController.swift */,
				8340B4B1250F113700815C77 /* RegisterViewController.swift */,
			);
			path = Authentication;
			sourceTree = "<group>";
		};
		83152E072512D22300B368CF /* App */ = {
			isa = PBXGroup;
			children = (
				8340B4B725107B9600815C77 /* HistoryViewController.swift */,
				83152E042512C35B00B368CF /* DataViewController.swift */,
				83152E02251283AC00B368CF /* Models.swift */,
			);
			path = App;
			sourceTree = "<group>";
		};
		8340B48F250F086400815C77 = {
			isa = PBXGroup;
			children = (
				8340B49A250F086400815C77 /* Route-Tracking */,
				8340B499250F086400815C77 /* Products */,
				84AB787B1DE50DD37209F891 /* Pods */,
				C5CD1F8BA68E8FA3842CDB00 /* Frameworks */,
			);
			sourceTree = "<group>";
		};
		8340B499250F086400815C77 /* Products */ = {
			isa = PBXGroup;
			children = (
				8340B498250F086400815C77 /* Route-Tracking.app */,
			);
			name = Products;
			sourceTree = "<group>";
		};
		8340B49A250F086400815C77 /* Route-Tracking */ = {
			isa = PBXGroup;
			children = (
				8340B49B250F086400815C77 /* AppDelegate.swift */,
				8340B49F250F086400815C77 /* ViewController.swift */,
				8340B49D250F086400815C77 /* SceneDelegate.swift */,
				83152E072512D22300B368CF /* App */,
				83152E062512D1FA00B368CF /* Authentication */,
				8340B4A1250F086400815C77 /* Main.storyboard */,
				8340B4A4250F086800815C77 /* Assets.xcassets */,
				8340B4A6250F086800815C77 /* LaunchScreen.storyboard */,
				8340B4A9250F086800815C77 /* Info.plist */,
				8340B4B5250F13F100815C77 /* GoogleService-Info.plist */,
			);
			path = "Route-Tracking";
			sourceTree = "<group>";
		};
		84AB787B1DE50DD37209F891 /* Pods */ = {
			isa = PBXGroup;
			children = (
				2E2B5409A9B4BFF66EFD6EFC /* Pods-Route-Tracking.debug.xcconfig */,
				343546E6BFFC26232122AB77 /* Pods-Route-Tracking.release.xcconfig */,
			);
			path = Pods;
			sourceTree = "<group>";
		};
		C5CD1F8BA68E8FA3842CDB00 /* Frameworks */ = {
			isa = PBXGroup;
			children = (
				029DBA2337D5DFF048DC06C4 /* Pods_Route_Tracking.framework */,
			);
			name = Frameworks;
			sourceTree = "<group>";
		};
/* End PBXGroup section */

/* Begin PBXNativeTarget section */
		8340B497250F086400815C77 /* Route-Tracking */ = {
			isa = PBXNativeTarget;
			buildConfigurationList = 8340B4AC250F086800815C77 /* Build configuration list for PBXNativeTarget "Route-Tracking" */;
			buildPhases = (
				9816F4BFFFDC26968E09283D /* [CP] Check Pods Manifest.lock */,
				8340B494250F086400815C77 /* Sources */,
				8340B495250F086400815C77 /* Frameworks */,
				8340B496250F086400815C77 /* Resources */,
				18D4321D96E8825541E97083 /* [CP] Embed Pods Frameworks */,
			);
			buildRules = (
			);
			dependencies = (
			);
			name = "Route-Tracking";
			productName = "Route-Tracking";
			productReference = 8340B498250F086400815C77 /* Route-Tracking.app */;
			productType = "com.apple.product-type.application";
		};
/* End PBXNativeTarget section */

/* Begin PBXProject section */
		8340B490250F086400815C77 /* Project object */ = {
			isa = PBXProject;
			attributes = {
				LastSwiftUpdateCheck = 1170;
				LastUpgradeCheck = 1170;
				ORGANIZATIONNAME = kudoichika;
				TargetAttributes = {
					8340B497250F086400815C77 = {
						CreatedOnToolsVersion = 11.7;
					};
				};
			};
			buildConfigurationList = 8340B493250F086400815C77 /* Build configuration list for PBXProject "Route-Tracking" */;
			compatibilityVersion = "Xcode 9.3";
			developmentRegion = en;
			hasScannedForEncodings = 0;
			knownRegions = (
				en,
				Base,
			);
			mainGroup = 8340B48F250F086400815C77;
			productRefGroup = 8340B499250F086400815C77 /* Products */;
			projectDirPath = "";
			projectRoot = "";
			targets = (
				8340B497250F086400815C77 /* Route-Tracking */,
			);
		};
/* End PBXProject section */

/* Begin PBXResourcesBuildPhase section */
		8340B496250F086400815C77 /* Resources */ = {
			isa = PBXResourcesBuildPhase;
			buildActionMask = 2147483647;
			files = (
				8340B4A8250F086800815C77 /* LaunchScreen.storyboard in Resources */,
				8340B4B6250F13F100815C77 /* GoogleService-Info.plist in Resources */,
				8340B4A5250F086800815C77 /* Assets.xcassets in Resources */,
				8340B4A3250F086400815C77 /* Main.storyboard in Resources */,
			);
			runOnlyForDeploymentPostprocessing = 0;
		};
/* End PBXResourcesBuildPhase section */

/* Begin PBXShellScriptBuildPhase section */
		18D4321D96E8825541E97083 /* [CP] Embed Pods Frameworks */ = {
			isa = PBXShellScriptBuildPhase;
			buildActionMask = 2147483647;
			files = (
			);
			inputFileListPaths = (
				"${PODS_ROOT}/Target Support Files/Pods-Route-Tracking/Pods-Route-Tracking-frameworks-${CONFIGURATION}-input-files.xcfilelist",
			);
			name = "[CP] Embed Pods Frameworks";
			outputFileListPaths = (
				"${PODS_ROOT}/Target Support Files/Pods-Route-Tracking/Pods-Route-Tracking-frameworks-${CONFIGURATION}-output-files.xcfilelist",
			);
			runOnlyForDeploymentPostprocessing = 0;
			shellPath = /bin/sh;
			shellScript = "\"${PODS_ROOT}/Target Support Files/Pods-Route-Tracking/Pods-Route-Tracking-frameworks.sh\"\n";
			showEnvVarsInLog = 0;
		};
		9816F4BFFFDC26968E09283D /* [CP] Check Pods Manifest.lock */ = {
			isa = PBXShellScriptBuildPhase;
			buildActionMask = 2147483647;
			files = (
			);
			inputFileListPaths = (
			);
			inputPaths = (
				"${PODS_PODFILE_DIR_PATH}/Podfile.lock",
				"${PODS_ROOT}/Manifest.lock",
			);
			name = "[CP] Check Pods Manifest.lock";
			outputFileListPaths = (
			);
			outputPaths = (
				"$(DERIVED_FILE_DIR)/Pods-Route-Tracking-checkManifestLockResult.txt",
			);
			runOnlyForDeploymentPostprocessing = 0;
			shellPath = /bin/sh;
			shellScript = "diff \"${PODS_PODFILE_DIR_PATH}/Podfile.lock\" \"${PODS_ROOT}/Manifest.lock\" > /dev/null\nif [ $? != 0 ] ; then\n    # print error to STDERR\n    echo \"error: The sandbox is not in sync with the Podfile.lock. Run 'pod install' or update your CocoaPods installation.\" >&2\n    exit 1\nfi\n# This output is used by Xcode 'outputs' to avoid re-running this script phase.\necho \"SUCCESS\" > \"${SCRIPT_OUTPUT_FILE_0}\"\n";
			showEnvVarsInLog = 0;
		};
/* End PBXShellScriptBuildPhase section */

/* Begin PBXSourcesBuildPhase section */
		8340B494250F086400815C77 /* Sources */ = {
			isa = PBXSourcesBuildPhase;
			buildActionMask = 2147483647;
			files = (
				8340B4B0250F112500815C77 /* LoginViewController.swift in Sources */,
				8340B4B2250F113700815C77 /* RegisterViewController.swift in Sources */,
				8340B4A0250F086400815C77 /* ViewController.swift in Sources */,
				8340B4B825107B9600815C77 /* HistoryViewController.swift in Sources */,
				83152E052512C35B00B368CF /* DataViewController.swift in Sources */,
				8340B49C250F086400815C77 /* AppDelegate.swift in Sources */,
				8340B49E250F086400815C77 /* SceneDelegate.swift in Sources */,
				83152E03251283AC00B368CF /* Models.swift in Sources */,
			);
			runOnlyForDeploymentPostprocessing = 0;
		};
/* End PBXSourcesBuildPhase section */

/* Begin PBXVariantGroup section */
		8340B4A1250F086400815C77 /* Main.storyboard */ = {
			isa = PBXVariantGroup;
			children = (
				8340B4A2250F086400815C77 /* Base */,
			);
			name = Main.storyboard;
			sourceTree = "<group>";
		};
		8340B4A6250F086800815C77 /* LaunchScreen.storyboard */ = {
			isa = PBXVariantGroup;
			children = (
				8340B4A7250F086800815C77 /* Base */,
			);
			name = LaunchScreen.storyboard;
			sourceTree = "<group>";
		};
/* End PBXVariantGroup section */

/* Begin XCBuildConfiguration section */
		8340B4AA250F086800815C77 /* Debug */ = {
			isa = XCBuildConfiguration;
			buildSettings = {
				ALWAYS_SEARCH_USER_PATHS = NO;
				CLANG_ANALYZER_NONNULL = YES;
				CLANG_ANALYZER_NUMBER_OBJECT_CONVERSION = YES_AGGRESSIVE;
				CLANG_CXX_LANGUAGE_STANDARD = "gnu++14";
				CLANG_CXX_LIBRARY = "libc++";
				CLANG_ENABLE_MODULES = YES;
				CLANG_ENABLE_OBJC_ARC = YES;
				CLANG_ENABLE_OBJC_WEAK = YES;
				CLANG_WARN_BLOCK_CAPTURE_AUTORELEASING = YES;
				CLANG_WARN_BOOL_CONVERSION = YES;
				CLANG_WARN_COMMA = YES;
				CLANG_WARN_CONSTANT_CONVERSION = YES;
				CLANG_WARN_DEPRECATED_OBJC_IMPLEMENTATIONS = YES;
				CLANG_WARN_DIRECT_OBJC_ISA_USAGE = YES_ERROR;
				CLANG_WARN_DOCUMENTATION_COMMENTS = YES;
				CLANG_WARN_EMPTY_BODY = YES;
				CLANG_WARN_ENUM_CONVERSION = YES;
				CLANG_WARN_INFINITE_RECURSION = YES;
				CLANG_WARN_INT_CONVERSION = YES;
				CLANG_WARN_NON_LITERAL_NULL_CONVERSION = YES;
				CLANG_WARN_OBJC_IMPLICIT_RETAIN_SELF = YES;
				CLANG_WARN_OBJC_LITERAL_CONVERSION = YES;
				CLANG_WARN_OBJC_ROOT_CLASS = YES_ERROR;
				CLANG_WARN_RANGE_LOOP_ANALYSIS = YES;
				CLANG_WARN_STRICT_PROTOTYPES = YES;
				CLANG_WARN_SUSPICIOUS_MOVE = YES;
				CLANG_WARN_UNGUARDED_AVAILABILITY = YES_AGGRESSIVE;
				CLANG_WARN_UNREACHABLE_CODE = YES;
				CLANG_WARN__DUPLICATE_METHOD_MATCH = YES;
				COPY_PHASE_STRIP = NO;
				DEBUG_INFORMATION_FORMAT = dwarf;
				ENABLE_STRICT_OBJC_MSGSEND = YES;
				ENABLE_TESTABILITY = YES;
				GCC_C_LANGUAGE_STANDARD = gnu11;
				GCC_DYNAMIC_NO_PIC = NO;
				GCC_NO_COMMON_BLOCKS = YES;
				GCC_OPTIMIZATION_LEVEL = 0;
				GCC_PREPROCESSOR_DEFINITIONS = (
					"DEBUG=1",
					"$(inherited)",
				);
				GCC_WARN_64_TO_32_BIT_CONVERSION = YES;
				GCC_WARN_ABOUT_RETURN_TYPE = YES_ERROR;
				GCC_WARN_UNDECLARED_SELECTOR = YES;
				GCC_WARN_UNINITIALIZED_AUTOS = YES_AGGRESSIVE;
				GCC_WARN_UNUSED_FUNCTION = YES;
				GCC_WARN_UNUSED_VARIABLE = YES;
				IPHONEOS_DEPLOYMENT_TARGET = 13.7;
				MTL_ENABLE_DEBUG_INFO = INCLUDE_SOURCE;
				MTL_FAST_MATH = YES;
				ONLY_ACTIVE_ARCH = YES;
				SDKROOT = iphoneos;
				SWIFT_ACTIVE_COMPILATION_CONDITIONS = DEBUG;
				SWIFT_OPTIMIZATION_LEVEL = "-Onone";
			};
			name = Debug;
		};
		8340B4AB250F086800815C77 /* Release */ = {
			isa = XCBuildConfiguration;
			buildSettings = {
				ALWAYS_SEARCH_USER_PATHS = NO;
				CLANG_ANALYZER_NONNULL = YES;
				CLANG_ANALYZER_NUMBER_OBJECT_CONVERSION = YES_AGGRESSIVE;
				CLANG_CXX_LANGUAGE_STANDARD = "gnu++14";
				CLANG_CXX_LIBRARY = "libc++";
				CLANG_ENABLE_MODULES = YES;
				CLANG_ENABLE_OBJC_ARC = YES;
				CLANG_ENABLE_OBJC_WEAK = YES;
				CLANG_WARN_BLOCK_CAPTURE_AUTORELEASING = YES;
				CLANG_WARN_BOOL_CONVERSION = YES;
				CLANG_WARN_COMMA = YES;
				CLANG_WARN_CONSTANT_CONVERSION = YES;
				CLANG_WARN_DEPRECATED_OBJC_IMPLEMENTATIONS = YES;
				CLANG_WARN_DIRECT_OBJC_ISA_USAGE = YES_ERROR;
				CLANG_WARN_DOCUMENTATION_COMMENTS = YES;
				CLANG_WARN_EMPTY_BODY = YES;
				CLANG_WARN_ENUM_CONVERSION = YES;
				CLANG_WARN_INFINITE_RECURSION = YES;
				CLANG_WARN_INT_CONVERSION = YES;
				CLANG_WARN_NON_LITERAL_NULL_CONVERSION = YES;
				CLANG_WARN_OBJC_IMPLICIT_RETAIN_SELF = YES;
				CLANG_WARN_OBJC_LITERAL_CONVERSION = YES;
				CLANG_WARN_OBJC_ROOT_CLASS = YES_ERROR;
				CLANG_WARN_RANGE_LOOP_ANALYSIS = YES;
				CLANG_WARN_STRICT_PROTOTYPES = YES;
				CLANG_WARN_SUSPICIOUS_MOVE = YES;
				CLANG_WARN_UNGUARDED_AVAILABILITY = YES_AGGRESSIVE;
				CLANG_WARN_UNREACHABLE_CODE = YES;
				CLANG_WARN__DUPLICATE_METHOD_MATCH = YES;
				COPY_PHASE_STRIP = NO;
				DEBUG_INFORMATION_FORMAT = "dwarf-with-dsym";
				ENABLE_NS_ASSERTIONS = NO;
				ENABLE_STRICT_OBJC_MSGSEND = YES;
				GCC_C_LANGUAGE_STANDARD = gnu11;
				GCC_NO_COMMON_BLOCKS = YES;
				GCC_WARN_64_TO_32_BIT_CONVERSION = YES;
				GCC_WARN_ABOUT_RETURN_TYPE = YES_ERROR;
				GCC_WARN_UNDECLARED_SELECTOR = YES;
				GCC_WARN_UNINITIALIZED_AUTOS = YES_AGGRESSIVE;
				GCC_WARN_UNUSED_FUNCTION = YES;
				GCC_WARN_UNUSED_VARIABLE = YES;
				IPHONEOS_DEPLOYMENT_TARGET = 13.7;
				MTL_ENABLE_DEBUG_INFO = NO;
				MTL_FAST_MATH = YES;
				SDKROOT = iphoneos;
				SWIFT_COMPILATION_MODE = wholemodule;
				SWIFT_OPTIMIZATION_LEVEL = "-O";
				VALIDATE_PRODUCT = YES;
			};
			name = Release;
		};
		8340B4AD250F086800815C77 /* Debug */ = {
			isa = XCBuildConfiguration;
			baseConfigurationReference = 2E2B5409A9B4BFF66EFD6EFC /* Pods-Route-Tracking.debug.xcconfig */;
			buildSettings = {
				ASSETCATALOG_COMPILER_APPICON_NAME = AppIcon;
				CODE_SIGN_STYLE = Automatic;
				DEVELOPMENT_TEAM = 5CQMR8VM2P;
				INFOPLIST_FILE = "Route-Tracking/Info.plist";
				IPHONEOS_DEPLOYMENT_TARGET = 13.4;
				LD_RUNPATH_SEARCH_PATHS = (
					"$(inherited)",
					"@executable_path/Frameworks",
				);
				PRODUCT_BUNDLE_IDENTIFIER = "com.kudoichika.Route-Tracking";
				PRODUCT_NAME = "$(TARGET_NAME)";
				SWIFT_VERSION = 5.0;
				TARGETED_DEVICE_FAMILY = "1,2";
			};
			name = Debug;
		};
		8340B4AE250F086800815C77 /* Release */ = {
			isa = XCBuildConfiguration;
			baseConfigurationReference = 343546E6BFFC26232122AB77 /* Pods-Route-Tracking.release.xcconfig */;
			buildSettings = {
				ASSETCATALOG_COMPILER_APPICON_NAME = AppIcon;
				CODE_SIGN_STYLE = Automatic;
				DEVELOPMENT_TEAM = 5CQMR8VM2P;
				INFOPLIST_FILE = "Route-Tracking/Info.plist";
				IPHONEOS_DEPLOYMENT_TARGET = 13.4;
				LD_RUNPATH_SEARCH_PATHS = (
					"$(inherited)",
					"@executable_path/Frameworks",
				);
				PRODUCT_BUNDLE_IDENTIFIER = "com.kudoichika.Route-Tracking";
				PRODUCT_NAME = "$(TARGET_NAME)";
				SWIFT_VERSION = 5.0;
				TARGETED_DEVICE_FAMILY = "1,2";
			};
			name = Release;
		};
/* End XCBuildConfiguration section */

/* Begin XCConfigurationList section */
		8340B493250F086400815C77 /* Build configuration list for PBXProject "Route-Tracking" */ = {
			isa = XCConfigurationList;
			buildConfigurations = (
				8340B4AA250F086800815C77 /* Debug */,
				8340B4AB250F086800815C77 /* Release */,
			);
			defaultConfigurationIsVisible = 0;
			defaultConfigurationName = Release;
		};
		8340B4AC250F086800815C77 /* Build configuration list for PBXNativeTarget "Route-Tracking" */ = {
			isa = XCConfigurationList;
			buildConfigurations = (
				8340B4AD250F086800815C77 /* Debug */,
				8340B4AE250F086800815C77 /* Release */,
			);
			defaultConfigurationIsVisible = 0;
			defaultConfigurationName = Release;
		};
/* End XCConfigurationList section */
	};
	rootObject = 8340B490250F086400815C77 /* Project object */;
}
